
Microsoft Visual Studio Solution File, Format Version 12.00
# Visual Studio 15
VisualStudioVersion = 15.0.27703.2035
MinimumVisualStudioVersion = 10.0.40219.1
Project("{FAE04EC0-301F-11D3-BF4B-00C04F79EFBC}") = "DynamoDbLibrary", "DynamoDbLibrary\DynamoDbLibrary.csproj", "{89F3630E-10A0-46FC-941B-90F19A2EBF1A}"
EndProject
Global
	GlobalSection(SolutionConfigurationPlatforms) = preSolution
		Debug|Any CPU = Debug|Any CPU
		Release|Any CPU = Release|Any CPU
	EndGlobalSection
	GlobalSection(ProjectConfigurationPlatforms) = postSolution
		{89F3630E-10A0-46FC-941B-90F19A2EBF1A}.Debug|Any CPU.ActiveCfg = Debug|Any CPU
		{89F3630E-10A0-46FC-941B-90F19A2EBF1A}.Debug|Any CPU.Build.0 = Debug|Any CPU
		{89F3630E-10A0-46FC-941B-90F19A2EBF1A}.Release|Any CPU.ActiveCfg = Release|Any CPU
		{89F3630E-10A0-46FC-941B-90F19A2EBF1A}.Release|Any CPU.Build.0 = Release|Any CPU
	EndGlobalSection
	GlobalSection(SolutionProperties) = preSolution
		HideSolutionNode = FALSE
	EndGlobalSection
	GlobalSection(ExtensibilityGlobals) = postSolution
		SolutionGuid = {ABF9D066-2F24-47E2-B018-46CEFB560FD3}
	EndGlobalSection
EndGlobal
